
Microsoft Visual Studio Solution File, Format Version 12.00
# Visual Studio Version 17
VisualStudioVersion = 17.0.32014.148
MinimumVisualStudioVersion = 10.0.40219.1
Project("{9A19103F-16F7-4668-BE54-9A1E7A4F7556}") = "Space Impact", "Space Impact\Space Impact.csproj", "{8AD156F2-C660-4524-845D-B9F30EBFD5F3}"
EndProject
Project("{2150E333-8FDC-42A3-9474-1A3956D46DE8}") = "Solution Items", "Solution Items", "{7D64BE2E-0947-4580-9CC3-32C2463233D4}"
	ProjectSection(SolutionItems) = preProject
		.editorconfig = .editorconfig
	EndProjectSection
EndProject
Global
	GlobalSection(SolutionConfigurationPlatforms) = preSolution
		Debug|Any CPU = Debug|Any CPU
		Release|Any CPU = Release|Any CPU
	EndGlobalSection
	GlobalSection(ProjectConfigurationPlatforms) = postSolution
		{8AD156F2-C660-4524-845D-B9F30EBFD5F3}.Debug|Any CPU.ActiveCfg = Debug|Any CPU
		{8AD156F2-C660-4524-845D-B9F30EBFD5F3}.Debug|Any CPU.Build.0 = Debug|Any CPU
		{8AD156F2-C660-4524-845D-B9F30EBFD5F3}.Release|Any CPU.ActiveCfg = Release|Any CPU
		{8AD156F2-C660-4524-845D-B9F30EBFD5F3}.Release|Any CPU.Build.0 = Release|Any CPU
	EndGlobalSection
	GlobalSection(SolutionProperties) = preSolution
		HideSolutionNode = FALSE
	EndGlobalSection
	GlobalSection(ExtensibilityGlobals) = postSolution
		SolutionGuid = {A1462A4A-A573-4594-B88F-9CB721DF10D1}
	EndGlobalSection
EndGlobal
